
Microsoft Visual Studio Solution File, Format Version 12.00
# Visual Studio Version 16
VisualStudioVersion = 16.0.28803.452
MinimumVisualStudioVersion = 10.0.40219.1
Project("{8BC9CEB8-8B4A-11D0-8D11-00A0C91BC942}") = "lsass_minidump", "lsass_minidump\lsass_minidump.vcxproj", "{EEC385DE-7EB5-4874-8D4E-3EFCAAE5EDFE}"
EndProject
Global
	GlobalSection(SolutionConfigurationPlatforms) = preSolution
		Debug|x64 = Debug|x64
		Debug|x86 = Debug|x86
		Release|x64 = Release|x64
		Release|x86 = Release|x86
	EndGlobalSection
	GlobalSection(ProjectConfigurationPlatforms) = postSolution
		{EEC385DE-7EB5-4874-8D4E-3EFCAAE5EDFE}.Debug|x64.ActiveCfg = Debug|x64
		{EEC385DE-7EB5-4874-8D4E-3EFCAAE5EDFE}.Debug|x64.Build.0 = Debug|x64
		{EEC385DE-7EB5-4874-8D4E-3EFCAAE5EDFE}.Debug|x86.ActiveCfg = Debug|Win32
		{EEC385DE-7EB5-4874-8D4E-3EFCAAE5EDFE}.Debug|x86.Build.0 = Debug|Win32
		{EEC385DE-7EB5-4874-8D4E-3EFCAAE5EDFE}.Release|x64.ActiveCfg = Release|x64
		{EEC385DE-7EB5-4874-8D4E-3EFCAAE5EDFE}.Release|x64.Build.0 = Release|x64
		{EEC385DE-7EB5-4874-8D4E-3EFCAAE5EDFE}.Release|x86.ActiveCfg = Release|Win32
		{EEC385DE-7EB5-4874-8D4E-3EFCAAE5EDFE}.Release|x86.Build.0 = Release|Win32
	EndGlobalSection
	GlobalSection(SolutionProperties) = preSolution
		HideSolutionNode = FALSE
	EndGlobalSection
	GlobalSection(ExtensibilityGlobals) = postSolution
		SolutionGuid = {A7F7BA95-00F8-4726-8056-1DFE22C9ED4B}
	EndGlobalSection
EndGlobal
